# This file is autogenerated, do not edit; changes may be undone by the next 'dep ensure'.


[[projects]]
  name = "github.com/davecgh/go-spew"
  packages = ["spew"]
  revision = "346938d642f2ec3594ed81d874461961cd0faa76"
  version = "v1.1.0"

[[projects]]
  name = "github.com/dgrijalva/jwt-go"
  packages = ["."]
  revision = "d2709f9f1f31ebcda9651b03077758c1f3a0018c"
  version = "v3.0.0"

[[projects]]
  name = "github.com/go-ozzo/ozzo-routing"
  packages = [".","access","content","fault","file","slash"]
  revision = "4d63a23d3f8421c05db3999d8b0b765ed6a4bde4"
  version = "v2.1.2"

[[projects]]
  branch = "master"
  name = "github.com/golang/gddo"
  packages = ["httputil/header"]
  revision = "95a6c634fc4948a832d26a56e029b7f709cab144"

[[projects]]
  name = "github.com/pmezard/go-difflib"
  packages = ["difflib"]
  revision = "792786c7400a136282c1664665ae0a8db921c6c2"
  version = "v1.0.0"

[[projects]]
  name = "github.com/stretchr/testify"
  packages = ["assert"]
  revision = "69483b4bd14f5845b5a1e55bca19e954e827f1d0"
  version = "v1.1.4"

[solve-meta]
  analyzer-name = "dep"
  analyzer-version = 1
  inputs-digest = "1fe927a0bb910d0e47c09fd997e4efdcd52984466f2dbe8b4c5787a7f039cbbd"
  solver-name = "gps-cdcl"
  solver-version = 1
